
Microsoft Visual Studio Solution File, Format Version 12.00
# Visual Studio Version 16
VisualStudioVersion = 16.0.29613.14
MinimumVisualStudioVersion = 10.0.40219.1
Project("{FAE04EC0-301F-11D3-BF4B-00C04F79EFBC}") = "Workers", "Workers\Workers.csproj", "{B7FBAA22-F86A-4D05-98C1-C73A84FC1685}"
EndProject
Global
	GlobalSection(SolutionConfigurationPlatforms) = preSolution
		Debug|Any CPU = Debug|Any CPU
		Release|Any CPU = Release|Any CPU
	EndGlobalSection
	GlobalSection(ProjectConfigurationPlatforms) = postSolution
		{B7FBAA22-F86A-4D05-98C1-C73A84FC1685}.Debug|Any CPU.ActiveCfg = Debug|Any CPU
		{B7FBAA22-F86A-4D05-98C1-C73A84FC1685}.Debug|Any CPU.Build.0 = Debug|Any CPU
		{B7FBAA22-F86A-4D05-98C1-C73A84FC1685}.Release|Any CPU.ActiveCfg = Release|Any CPU
		{B7FBAA22-F86A-4D05-98C1-C73A84FC1685}.Release|Any CPU.Build.0 = Release|Any CPU
	EndGlobalSection
	GlobalSection(SolutionProperties) = preSolution
		HideSolutionNode = FALSE
	EndGlobalSection
	GlobalSection(ExtensibilityGlobals) = postSolution
		SolutionGuid = {807929B2-1ECE-487D-AB0D-F151AC69B81F}
	EndGlobalSection
EndGlobal
